
Microsoft Visual Studio Solution File, Format Version 12.00
# Visual Studio Version 18
VisualStudioVersion = 18.0.11205.157
MinimumVisualStudioVersion = 10.0.40219.1
Project("{2150E333-8FDC-42A3-9474-1A3956D46DE8}") = "Scm.App", "Scm.App", "{7D630968-6C94-4B15-9D0E-4D71ED6D01E0}"
EndProject
Project("{9A19103F-16F7-4668-BE54-9A1E7A4F7556}") = "Scm.Api", "Scm.Api\Scm.Api.csproj", "{481F8261-1404-4AA3-9A9B-3D63C468D5A2}"
EndProject
Project("{2150E333-8FDC-42A3-9474-1A3956D46DE8}") = "Samples", "Samples", "{5BDDD8D6-97AE-4ACF-88E2-9C3E714AB2E7}"
EndProject
Project("{2150E333-8FDC-42A3-9474-1A3956D46DE8}") = "Test", "Test", "{49FC6A5D-62E5-4D4B-8F2E-71284D4DDB09}"
EndProject
Project("{9A19103F-16F7-4668-BE54-9A1E7A4F7556}") = "Test", "Test\Test.csproj", "{077232AA-0FD2-4989-BAF3-A749F300BDA8}"
EndProject
Project("{FAE04EC0-301F-11D3-BF4B-00C04F79EFBC}") = "Samples.Common", "Samples.Common\Samples.Common.csproj", "{409C03EF-B8F5-2CD6-EF04-BABB44E5906E}"
EndProject
Project("{FAE04EC0-301F-11D3-BF4B-00C04F79EFBC}") = "Samples.Common.Dto", "Samples.Common.Dto\Samples.Common.Dto.csproj", "{3AA8B7D5-185D-4258-4631-002121FE39B8}"
EndProject
Project("{FAE04EC0-301F-11D3-BF4B-00C04F79EFBC}") = "Samples.Server", "Samples.Server\Samples.Server.csproj", "{35A7B202-C4FF-BFFC-E03D-8F6FE89DA34C}"
EndProject
Project("{FAE04EC0-301F-11D3-BF4B-00C04F79EFBC}") = "Samples.Server.Dao", "Samples.Server.Dao\Samples.Server.Dao.csproj", "{EA0554A5-D8D0-E03A-9C74-9C9D56EFDB71}"
EndProject
Global
	GlobalSection(SolutionConfigurationPlatforms) = preSolution
		Debug|Any CPU = Debug|Any CPU
		Release|Any CPU = Release|Any CPU
	EndGlobalSection
	GlobalSection(ProjectConfigurationPlatforms) = postSolution
		{481F8261-1404-4AA3-9A9B-3D63C468D5A2}.Debug|Any CPU.ActiveCfg = Debug|Any CPU
		{481F8261-1404-4AA3-9A9B-3D63C468D5A2}.Debug|Any CPU.Build.0 = Debug|Any CPU
		{481F8261-1404-4AA3-9A9B-3D63C468D5A2}.Release|Any CPU.ActiveCfg = Release|Any CPU
		{481F8261-1404-4AA3-9A9B-3D63C468D5A2}.Release|Any CPU.Build.0 = Release|Any CPU
		{077232AA-0FD2-4989-BAF3-A749F300BDA8}.Debug|Any CPU.ActiveCfg = Debug|Any CPU
		{077232AA-0FD2-4989-BAF3-A749F300BDA8}.Debug|Any CPU.Build.0 = Debug|Any CPU
		{077232AA-0FD2-4989-BAF3-A749F300BDA8}.Release|Any CPU.ActiveCfg = Release|Any CPU
		{077232AA-0FD2-4989-BAF3-A749F300BDA8}.Release|Any CPU.Build.0 = Release|Any CPU
		{409C03EF-B8F5-2CD6-EF04-BABB44E5906E}.Debug|Any CPU.ActiveCfg = Debug|Any CPU
		{409C03EF-B8F5-2CD6-EF04-BABB44E5906E}.Debug|Any CPU.Build.0 = Debug|Any CPU
		{409C03EF-B8F5-2CD6-EF04-BABB44E5906E}.Release|Any CPU.ActiveCfg = Release|Any CPU
		{409C03EF-B8F5-2CD6-EF04-BABB44E5906E}.Release|Any CPU.Build.0 = Release|Any CPU
		{3AA8B7D5-185D-4258-4631-002121FE39B8}.Debug|Any CPU.ActiveCfg = Debug|Any CPU
		{3AA8B7D5-185D-4258-4631-002121FE39B8}.Debug|Any CPU.Build.0 = Debug|Any CPU
		{3AA8B7D5-185D-4258-4631-002121FE39B8}.Release|Any CPU.ActiveCfg = Release|Any CPU
		{3AA8B7D5-185D-4258-4631-002121FE39B8}.Release|Any CPU.Build.0 = Release|Any CPU
		{35A7B202-C4FF-BFFC-E03D-8F6FE89DA34C}.Debug|Any CPU.ActiveCfg = Debug|Any CPU
		{35A7B202-C4FF-BFFC-E03D-8F6FE89DA34C}.Debug|Any CPU.Build.0 = Debug|Any CPU
		{35A7B202-C4FF-BFFC-E03D-8F6FE89DA34C}.Release|Any CPU.ActiveCfg = Release|Any CPU
		{35A7B202-C4FF-BFFC-E03D-8F6FE89DA34C}.Release|Any CPU.Build.0 = Release|Any CPU
		{EA0554A5-D8D0-E03A-9C74-9C9D56EFDB71}.Debug|Any CPU.ActiveCfg = Debug|Any CPU
		{EA0554A5-D8D0-E03A-9C74-9C9D56EFDB71}.Debug|Any CPU.Build.0 = Debug|Any CPU
		{EA0554A5-D8D0-E03A-9C74-9C9D56EFDB71}.Release|Any CPU.ActiveCfg = Release|Any CPU
		{EA0554A5-D8D0-E03A-9C74-9C9D56EFDB71}.Release|Any CPU.Build.0 = Release|Any CPU
	EndGlobalSection
	GlobalSection(SolutionProperties) = preSolution
		HideSolutionNode = FALSE
	EndGlobalSection
	GlobalSection(NestedProjects) = preSolution
		{481F8261-1404-4AA3-9A9B-3D63C468D5A2} = {7D630968-6C94-4B15-9D0E-4D71ED6D01E0}
		{077232AA-0FD2-4989-BAF3-A749F300BDA8} = {49FC6A5D-62E5-4D4B-8F2E-71284D4DDB09}
		{409C03EF-B8F5-2CD6-EF04-BABB44E5906E} = {5BDDD8D6-97AE-4ACF-88E2-9C3E714AB2E7}
		{3AA8B7D5-185D-4258-4631-002121FE39B8} = {5BDDD8D6-97AE-4ACF-88E2-9C3E714AB2E7}
		{35A7B202-C4FF-BFFC-E03D-8F6FE89DA34C} = {5BDDD8D6-97AE-4ACF-88E2-9C3E714AB2E7}
		{EA0554A5-D8D0-E03A-9C74-9C9D56EFDB71} = {5BDDD8D6-97AE-4ACF-88E2-9C3E714AB2E7}
	EndGlobalSection
	GlobalSection(ExtensibilityGlobals) = postSolution
		SolutionGuid = {E3837A3D-CB67-4767-B922-BCB491FA6C81}
	EndGlobalSection
EndGlobal
