
Microsoft Visual Studio Solution File, Format Version 12.00
# Visual Studio Version 17
VisualStudioVersion = 17.4.33403.182
MinimumVisualStudioVersion = 10.0.40219.1
Project("{2150E333-8FDC-42A3-9474-1A3956D46DE8}") = "Scm.App", "Scm.App", "{7D630968-6C94-4B15-9D0E-4D71ED6D01E0}"
EndProject
Project("{9A19103F-16F7-4668-BE54-9A1E7A4F7556}") = "Scm.Api", "Scm.Api\Scm.Api.csproj", "{481F8261-1404-4AA3-9A9B-3D63C468D5A2}"
EndProject
Project("{9A19103F-16F7-4668-BE54-9A1E7A4F7556}") = "Scm.Dsa.Dba.Sugar", "Scm.Dsa.Dba.Sugar\Scm.Dsa.Dba.Sugar.csproj", "{93D2D5CF-8EEC-40CA-B398-0F0F984235F1}"
EndProject
Project("{9A19103F-16F7-4668-BE54-9A1E7A4F7556}") = "Scm.Dao", "Scm.Dao\Scm.Dao.csproj", "{492B58A6-AA15-446B-A3A4-F6F76AC73DE8}"
EndProject
Project("{9A19103F-16F7-4668-BE54-9A1E7A4F7556}") = "Scm.Core", "Scm.Core\Scm.Core.csproj", "{4C932A0A-166B-43A3-B2B7-E6FDE9DC16D9}"
EndProject
Project("{9A19103F-16F7-4668-BE54-9A1E7A4F7556}") = "Scm.Generator", "Scm.Generator\Scm.Generator.csproj", "{3D33A33A-AECA-496C-8D41-D07D9A1F2826}"
EndProject
Project("{2150E333-8FDC-42A3-9474-1A3956D46DE8}") = "Scm.Common", "Scm.Common", "{5DA1B98A-BDA0-4987-8301-C1D68EACE9C7}"
EndProject
Project("{9A19103F-16F7-4668-BE54-9A1E7A4F7556}") = "Scm.Common", "Scm.Common\Scm.Common.csproj", "{1E452D19-CFC7-4313-9F14-42A20581AC8B}"
EndProject
Project("{9A19103F-16F7-4668-BE54-9A1E7A4F7556}") = "Scm.Common.Dto", "Scm.Common.Dto\Scm.Common.Dto.csproj", "{86D7A1EC-8B2B-48C0-ADE3-1C4D1BD17BCD}"
EndProject
Project("{9A19103F-16F7-4668-BE54-9A1E7A4F7556}") = "Scm.Server", "Scm.Server\Scm.Server.csproj", "{4BAC2C0B-8C08-4FE6-A9E4-579843D21B44}"
EndProject
Project("{9A19103F-16F7-4668-BE54-9A1E7A4F7556}") = "Scm.Server.Dao", "Scm.Server.Dao\Scm.Server.Dao.csproj", "{69EB183B-C616-446A-A036-C5D4C152A87D}"
EndProject
Project("{9A19103F-16F7-4668-BE54-9A1E7A4F7556}") = "Scm.Common.Log", "Scm.Common.Log\Scm.Common.Log.csproj", "{3ED844FE-5BFA-455B-BDC5-C4B84D955F62}"
EndProject
Project("{2150E333-8FDC-42A3-9474-1A3956D46DE8}") = "Scm.Server", "Scm.Server", "{F31CAB49-534E-4B14-AE02-8F99D01B6DB5}"
EndProject
Project("{2150E333-8FDC-42A3-9474-1A3956D46DE8}") = "Scm.Module", "Scm.Module", "{B079BB77-40DD-4024-9A9C-14C824DDE273}"
EndProject
Project("{9A19103F-16F7-4668-BE54-9A1E7A4F7556}") = "Scm.Common.Crypto", "Scm.Common.Crypto\Scm.Common.Crypto.csproj", "{C42B861E-2965-4309-B075-3072203E50A8}"
EndProject
Project("{2150E333-8FDC-42A3-9474-1A3956D46DE8}") = "Samples", "Samples", "{5BDDD8D6-97AE-4ACF-88E2-9C3E714AB2E7}"
EndProject
Project("{9A19103F-16F7-4668-BE54-9A1E7A4F7556}") = "Scm.Dto", "Scm.Dto\Scm.Dto.csproj", "{1475FFF0-1E4D-4104-B062-03B0BFDAA800}"
EndProject
Project("{9A19103F-16F7-4668-BE54-9A1E7A4F7556}") = "Scm.Server.Bearer", "Scm.Server.Bearer\Scm.Server.Bearer.csproj", "{83BE6643-97F2-4943-B3CE-1DDBE51DF490}"
EndProject
Project("{2150E333-8FDC-42A3-9474-1A3956D46DE8}") = "Test", "Test", "{49FC6A5D-62E5-4D4B-8F2E-71284D4DDB09}"
EndProject
Project("{9A19103F-16F7-4668-BE54-9A1E7A4F7556}") = "Test", "Test\Test.csproj", "{077232AA-0FD2-4989-BAF3-A749F300BDA8}"
EndProject
Project("{9A19103F-16F7-4668-BE54-9A1E7A4F7556}") = "Scm.Server.RabbitMQ", "Scm.Server.RabbitMQ\Scm.Server.RabbitMQ.csproj", "{6A1FC7F3-DA01-43CA-A6AA-31D5F1A2EC3C}"
EndProject
Project("{9A19103F-16F7-4668-BE54-9A1E7A4F7556}") = "Scm.Email", "Scm.Email\Scm.Email.csproj", "{D6FA13A2-B8D8-46B7-B229-ED6B819D5273}"
EndProject
Project("{9A19103F-16F7-4668-BE54-9A1E7A4F7556}") = "Scm.Common.Excel", "Scm.Common.Excel\Scm.Common.Excel.csproj", "{9943E423-A678-4734-83DA-E373E6A028FE}"
EndProject
Project("{9A19103F-16F7-4668-BE54-9A1E7A4F7556}") = "Scm.Common.Os", "Scm.Common.Os\Scm.Common.Os.csproj", "{999CB784-7D68-4E10-A9E0-13D9A3968B8B}"
EndProject
Project("{9A19103F-16F7-4668-BE54-9A1E7A4F7556}") = "Scm.Server.Api", "Scm.Server.Api\Scm.Server.Api.csproj", "{DB7515C1-DDA4-4569-8936-DAD6C1668475}"
EndProject
Project("{9A19103F-16F7-4668-BE54-9A1E7A4F7556}") = "Scm.Common.Text", "Scm.Common.Text\Scm.Common.Text.csproj", "{C4B16260-2918-4623-B660-DDB063096E19}"
EndProject
Project("{9A19103F-16F7-4668-BE54-9A1E7A4F7556}") = "Scm.Server.Swagger", "Scm.Server.Swagger\Scm.Server.Swagger.csproj", "{FA74A490-FA62-46AF-A1F9-EEABF82178F6}"
EndProject
Project("{2150E333-8FDC-42A3-9474-1A3956D46DE8}") = "Scm.Plugin", "Scm.Plugin", "{BCEB78F0-AB81-4B02-89AE-2A48D36B28B4}"
EndProject
Project("{9A19103F-16F7-4668-BE54-9A1E7A4F7556}") = "Scm.Plugin", "Scm.Plugin\Scm.Plugin.csproj", "{914F4794-EC84-494F-BF1C-67362A3C0039}"
EndProject
Project("{9A19103F-16F7-4668-BE54-9A1E7A4F7556}") = "Scm.Plugin.Image.SkiaSharp", "Scm.Plugin.Image.SkiaSharp\Scm.Plugin.Image.SkiaSharp.csproj", "{48FF825C-F0DC-4569-84AF-7736AD4ACE69}"
EndProject
Project("{9A19103F-16F7-4668-BE54-9A1E7A4F7556}") = "Scm.Plugin.Image.Magick", "Scm.Plugin.Image.Magick\Scm.Plugin.Image.Magick.csproj", "{39F75781-DD69-44C1-A254-9E5881F239B3}"
EndProject
Project("{9A19103F-16F7-4668-BE54-9A1E7A4F7556}") = "Scm.Plugin.Image", "Scm.Common.Image\Scm.Plugin.Image.csproj", "{757702A2-424C-479B-929E-7FFA70CABB3F}"
EndProject
Project("{9A19103F-16F7-4668-BE54-9A1E7A4F7556}") = "Scm.Server.SignalR", "Scm.Server.SignalR\Scm.Server.SignalR.csproj", "{8397AAFB-65FD-459B-90B2-2A8B6E3A64C3}"
EndProject
Project("{9A19103F-16F7-4668-BE54-9A1E7A4F7556}") = "Scm.Server.Cache", "Scm.Server.Cache\Scm.Server.Cache.csproj", "{87BACEA6-77F5-40DD-BC05-4476CFD2A35F}"
EndProject
Project("{9A19103F-16F7-4668-BE54-9A1E7A4F7556}") = "Scm.Server.SqlSugar", "Scm.Server.SqlSugar\Scm.Server.SqlSugar.csproj", "{171F380B-610E-49E6-B529-7E03EC7A2FB2}"
EndProject
Project("{9A19103F-16F7-4668-BE54-9A1E7A4F7556}") = "Scm.Server.Service", "Scm.Server.Service\Scm.Server.Service.csproj", "{7DD83481-592C-4822-9B89-72EED8D71773}"
EndProject
Project("{9A19103F-16F7-4668-BE54-9A1E7A4F7556}") = "Scm.Common.Http", "Scm.Common.Http\Scm.Common.Http.csproj", "{7A171F8F-812A-4E1F-915E-D1990DCC145C}"
EndProject
Project("{9A19103F-16F7-4668-BE54-9A1E7A4F7556}") = "Scm.Cache", "Scm.Cache\Scm.Cache.csproj", "{667930BE-F814-4CF2-A1F8-F8AB3AB2F106}"
EndProject
Project("{9A19103F-16F7-4668-BE54-9A1E7A4F7556}") = "Scm.Common.Time", "Scm.Common.Time\Scm.Common.Time.csproj", "{564BCFEF-20C9-493D-A840-F79D2A83EEF9}"
EndProject
Project("{9A19103F-16F7-4668-BE54-9A1E7A4F7556}") = "Scm.Common.File", "Scm.Common.File\Scm.Common.File.csproj", "{53FF7988-9139-4050-80D2-5E1A1432D4E6}"
EndProject
Project("{9A19103F-16F7-4668-BE54-9A1E7A4F7556}") = "Scm.Plugin.Audio", "Scm.Plugin.Audio\Scm.Plugin.Audio.csproj", "{6B4D7A66-3A5C-46FC-904A-2A7B1FE79F61}"
EndProject
Project("{9A19103F-16F7-4668-BE54-9A1E7A4F7556}") = "Scm.Plugin.Vedio", "Scm.Plugin.Vedio\Scm.Plugin.Vedio.csproj", "{B25D951A-CB89-4E7E-A801-60F6B8433400}"
EndProject
Project("{2150E333-8FDC-42A3-9474-1A3956D46DE8}") = "Scm.Addon", "Scm.Addon", "{69B8AC8B-DE36-4463-8D20-3E280305EA6E}"
EndProject
Project("{9A19103F-16F7-4668-BE54-9A1E7A4F7556}") = "Scm.Addon", "Scm.Addon\Scm.Addon.csproj", "{FC212095-3009-41B6-878E-F443B2346D57}"
EndProject
Project("{9A19103F-16F7-4668-BE54-9A1E7A4F7556}") = "Scm.Cache.Dictionary", "Scm.Cache.Dictionary\Scm.Cache.Dictionary.csproj", "{F0E8E610-4D58-4E46-89BC-2415D219C5E1}"
EndProject
Project("{9A19103F-16F7-4668-BE54-9A1E7A4F7556}") = "Scm.Cache.Memory", "Scm.Cache.Memory\Scm.Cache.Memory.csproj", "{F4A0C527-A92A-4646-A251-9DCE925CEA36}"
EndProject
Project("{9A19103F-16F7-4668-BE54-9A1E7A4F7556}") = "Scm.Cache.Redis", "Scm.Cache.Redis\Scm.Cache.Redis.csproj", "{A96D4EA5-7884-4A47-AEDE-C5349CF9A3FF}"
EndProject
Project("{9A19103F-16F7-4668-BE54-9A1E7A4F7556}") = "Scm.Phone", "Scm.Phone\Scm.Phone.csproj", "{DD605185-A15B-479F-9990-00547F3DC4C9}"
EndProject
Project("{FAE04EC0-301F-11D3-BF4B-00C04F79EFBC}") = "Scm.Cache.Garnet", "Scm.Cache.Garnet\Scm.Cache.Garnet.csproj", "{16C76BC3-FF61-437D-9748-5109BF447761}"
EndProject
Project("{FAE04EC0-301F-11D3-BF4B-00C04F79EFBC}") = "Scm.Dsa.Dfa.Json", "Scm.Dsa.Dfa.Json\Scm.Dsa.Dfa.Json.csproj", "{D8E91620-9B39-405A-BD71-E05B85026B09}"
EndProject
Project("{FAE04EC0-301F-11D3-BF4B-00C04F79EFBC}") = "Samples.Common", "Samples.Common\Samples.Common.csproj", "{409C03EF-B8F5-2CD6-EF04-BABB44E5906E}"
EndProject
Project("{FAE04EC0-301F-11D3-BF4B-00C04F79EFBC}") = "Samples.Common.Dto", "Samples.Common.Dto\Samples.Common.Dto.csproj", "{3AA8B7D5-185D-4258-4631-002121FE39B8}"
EndProject
Project("{FAE04EC0-301F-11D3-BF4B-00C04F79EFBC}") = "Samples.Server", "Samples.Server\Samples.Server.csproj", "{35A7B202-C4FF-BFFC-E03D-8F6FE89DA34C}"
EndProject
Project("{FAE04EC0-301F-11D3-BF4B-00C04F79EFBC}") = "Samples.Server.Dao", "Samples.Server.Dao\Samples.Server.Dao.csproj", "{EA0554A5-D8D0-E03A-9C74-9C9D56EFDB71}"
EndProject
Project("{FAE04EC0-301F-11D3-BF4B-00C04F79EFBC}") = "Scm.Server.Aiml", "Scm.Server.Aiml\Scm.Server.Aiml.csproj", "{26386135-FB06-7238-E7EB-30EFAB3B36B4}"
EndProject
Project("{FAE04EC0-301F-11D3-BF4B-00C04F79EFBC}") = "Scm.Server.Quartz", "Scm.Server.Quartz\Scm.Server.Quartz.csproj", "{E41B1870-E651-EA98-5D83-BC79279D8949}"
EndProject
Global
	GlobalSection(SolutionConfigurationPlatforms) = preSolution
		Debug|Any CPU = Debug|Any CPU
		Release|Any CPU = Release|Any CPU
	EndGlobalSection
	GlobalSection(ProjectConfigurationPlatforms) = postSolution
		{481F8261-1404-4AA3-9A9B-3D63C468D5A2}.Debug|Any CPU.ActiveCfg = Debug|Any CPU
		{481F8261-1404-4AA3-9A9B-3D63C468D5A2}.Debug|Any CPU.Build.0 = Debug|Any CPU
		{481F8261-1404-4AA3-9A9B-3D63C468D5A2}.Release|Any CPU.ActiveCfg = Release|Any CPU
		{481F8261-1404-4AA3-9A9B-3D63C468D5A2}.Release|Any CPU.Build.0 = Release|Any CPU
		{93D2D5CF-8EEC-40CA-B398-0F0F984235F1}.Debug|Any CPU.ActiveCfg = Debug|Any CPU
		{93D2D5CF-8EEC-40CA-B398-0F0F984235F1}.Debug|Any CPU.Build.0 = Debug|Any CPU
		{93D2D5CF-8EEC-40CA-B398-0F0F984235F1}.Release|Any CPU.ActiveCfg = Release|Any CPU
		{93D2D5CF-8EEC-40CA-B398-0F0F984235F1}.Release|Any CPU.Build.0 = Release|Any CPU
		{492B58A6-AA15-446B-A3A4-F6F76AC73DE8}.Debug|Any CPU.ActiveCfg = Debug|Any CPU
		{492B58A6-AA15-446B-A3A4-F6F76AC73DE8}.Debug|Any CPU.Build.0 = Debug|Any CPU
		{492B58A6-AA15-446B-A3A4-F6F76AC73DE8}.Release|Any CPU.ActiveCfg = Release|Any CPU
		{492B58A6-AA15-446B-A3A4-F6F76AC73DE8}.Release|Any CPU.Build.0 = Release|Any CPU
		{4C932A0A-166B-43A3-B2B7-E6FDE9DC16D9}.Debug|Any CPU.ActiveCfg = Debug|Any CPU
		{4C932A0A-166B-43A3-B2B7-E6FDE9DC16D9}.Debug|Any CPU.Build.0 = Debug|Any CPU
		{4C932A0A-166B-43A3-B2B7-E6FDE9DC16D9}.Release|Any CPU.ActiveCfg = Release|Any CPU
		{4C932A0A-166B-43A3-B2B7-E6FDE9DC16D9}.Release|Any CPU.Build.0 = Release|Any CPU
		{3D33A33A-AECA-496C-8D41-D07D9A1F2826}.Debug|Any CPU.ActiveCfg = Debug|Any CPU
		{3D33A33A-AECA-496C-8D41-D07D9A1F2826}.Debug|Any CPU.Build.0 = Debug|Any CPU
		{3D33A33A-AECA-496C-8D41-D07D9A1F2826}.Release|Any CPU.ActiveCfg = Release|Any CPU
		{3D33A33A-AECA-496C-8D41-D07D9A1F2826}.Release|Any CPU.Build.0 = Release|Any CPU
		{1E452D19-CFC7-4313-9F14-42A20581AC8B}.Debug|Any CPU.ActiveCfg = Debug|Any CPU
		{1E452D19-CFC7-4313-9F14-42A20581AC8B}.Debug|Any CPU.Build.0 = Debug|Any CPU
		{1E452D19-CFC7-4313-9F14-42A20581AC8B}.Release|Any CPU.ActiveCfg = Release|Any CPU
		{1E452D19-CFC7-4313-9F14-42A20581AC8B}.Release|Any CPU.Build.0 = Release|Any CPU
		{86D7A1EC-8B2B-48C0-ADE3-1C4D1BD17BCD}.Debug|Any CPU.ActiveCfg = Debug|Any CPU
		{86D7A1EC-8B2B-48C0-ADE3-1C4D1BD17BCD}.Debug|Any CPU.Build.0 = Debug|Any CPU
		{86D7A1EC-8B2B-48C0-ADE3-1C4D1BD17BCD}.Release|Any CPU.ActiveCfg = Release|Any CPU
		{86D7A1EC-8B2B-48C0-ADE3-1C4D1BD17BCD}.Release|Any CPU.Build.0 = Release|Any CPU
		{4BAC2C0B-8C08-4FE6-A9E4-579843D21B44}.Debug|Any CPU.ActiveCfg = Debug|Any CPU
		{4BAC2C0B-8C08-4FE6-A9E4-579843D21B44}.Debug|Any CPU.Build.0 = Debug|Any CPU
		{4BAC2C0B-8C08-4FE6-A9E4-579843D21B44}.Release|Any CPU.ActiveCfg = Release|Any CPU
		{4BAC2C0B-8C08-4FE6-A9E4-579843D21B44}.Release|Any CPU.Build.0 = Release|Any CPU
		{69EB183B-C616-446A-A036-C5D4C152A87D}.Debug|Any CPU.ActiveCfg = Debug|Any CPU
		{69EB183B-C616-446A-A036-C5D4C152A87D}.Debug|Any CPU.Build.0 = Debug|Any CPU
		{69EB183B-C616-446A-A036-C5D4C152A87D}.Release|Any CPU.ActiveCfg = Release|Any CPU
		{69EB183B-C616-446A-A036-C5D4C152A87D}.Release|Any CPU.Build.0 = Release|Any CPU
		{3ED844FE-5BFA-455B-BDC5-C4B84D955F62}.Debug|Any CPU.ActiveCfg = Debug|Any CPU
		{3ED844FE-5BFA-455B-BDC5-C4B84D955F62}.Debug|Any CPU.Build.0 = Debug|Any CPU
		{3ED844FE-5BFA-455B-BDC5-C4B84D955F62}.Release|Any CPU.ActiveCfg = Release|Any CPU
		{3ED844FE-5BFA-455B-BDC5-C4B84D955F62}.Release|Any CPU.Build.0 = Release|Any CPU
		{C42B861E-2965-4309-B075-3072203E50A8}.Debug|Any CPU.ActiveCfg = Debug|Any CPU
		{C42B861E-2965-4309-B075-3072203E50A8}.Debug|Any CPU.Build.0 = Debug|Any CPU
		{C42B861E-2965-4309-B075-3072203E50A8}.Release|Any CPU.ActiveCfg = Release|Any CPU
		{C42B861E-2965-4309-B075-3072203E50A8}.Release|Any CPU.Build.0 = Release|Any CPU
		{1475FFF0-1E4D-4104-B062-03B0BFDAA800}.Debug|Any CPU.ActiveCfg = Debug|Any CPU
		{1475FFF0-1E4D-4104-B062-03B0BFDAA800}.Debug|Any CPU.Build.0 = Debug|Any CPU
		{1475FFF0-1E4D-4104-B062-03B0BFDAA800}.Release|Any CPU.ActiveCfg = Release|Any CPU
		{1475FFF0-1E4D-4104-B062-03B0BFDAA800}.Release|Any CPU.Build.0 = Release|Any CPU
		{83BE6643-97F2-4943-B3CE-1DDBE51DF490}.Debug|Any CPU.ActiveCfg = Debug|Any CPU
		{83BE6643-97F2-4943-B3CE-1DDBE51DF490}.Debug|Any CPU.Build.0 = Debug|Any CPU
		{83BE6643-97F2-4943-B3CE-1DDBE51DF490}.Release|Any CPU.ActiveCfg = Release|Any CPU
		{83BE6643-97F2-4943-B3CE-1DDBE51DF490}.Release|Any CPU.Build.0 = Release|Any CPU
		{077232AA-0FD2-4989-BAF3-A749F300BDA8}.Debug|Any CPU.ActiveCfg = Debug|Any CPU
		{077232AA-0FD2-4989-BAF3-A749F300BDA8}.Debug|Any CPU.Build.0 = Debug|Any CPU
		{077232AA-0FD2-4989-BAF3-A749F300BDA8}.Release|Any CPU.ActiveCfg = Release|Any CPU
		{077232AA-0FD2-4989-BAF3-A749F300BDA8}.Release|Any CPU.Build.0 = Release|Any CPU
		{6A1FC7F3-DA01-43CA-A6AA-31D5F1A2EC3C}.Debug|Any CPU.ActiveCfg = Debug|Any CPU
		{6A1FC7F3-DA01-43CA-A6AA-31D5F1A2EC3C}.Debug|Any CPU.Build.0 = Debug|Any CPU
		{6A1FC7F3-DA01-43CA-A6AA-31D5F1A2EC3C}.Release|Any CPU.ActiveCfg = Release|Any CPU
		{6A1FC7F3-DA01-43CA-A6AA-31D5F1A2EC3C}.Release|Any CPU.Build.0 = Release|Any CPU
		{D6FA13A2-B8D8-46B7-B229-ED6B819D5273}.Debug|Any CPU.ActiveCfg = Debug|Any CPU
		{D6FA13A2-B8D8-46B7-B229-ED6B819D5273}.Debug|Any CPU.Build.0 = Debug|Any CPU
		{D6FA13A2-B8D8-46B7-B229-ED6B819D5273}.Release|Any CPU.ActiveCfg = Release|Any CPU
		{D6FA13A2-B8D8-46B7-B229-ED6B819D5273}.Release|Any CPU.Build.0 = Release|Any CPU
		{9943E423-A678-4734-83DA-E373E6A028FE}.Debug|Any CPU.ActiveCfg = Debug|Any CPU
		{9943E423-A678-4734-83DA-E373E6A028FE}.Debug|Any CPU.Build.0 = Debug|Any CPU
		{9943E423-A678-4734-83DA-E373E6A028FE}.Release|Any CPU.ActiveCfg = Release|Any CPU
		{9943E423-A678-4734-83DA-E373E6A028FE}.Release|Any CPU.Build.0 = Release|Any CPU
		{999CB784-7D68-4E10-A9E0-13D9A3968B8B}.Debug|Any CPU.ActiveCfg = Debug|Any CPU
		{999CB784-7D68-4E10-A9E0-13D9A3968B8B}.Debug|Any CPU.Build.0 = Debug|Any CPU
		{999CB784-7D68-4E10-A9E0-13D9A3968B8B}.Release|Any CPU.ActiveCfg = Release|Any CPU
		{999CB784-7D68-4E10-A9E0-13D9A3968B8B}.Release|Any CPU.Build.0 = Release|Any CPU
		{DB7515C1-DDA4-4569-8936-DAD6C1668475}.Debug|Any CPU.ActiveCfg = Debug|Any CPU
		{DB7515C1-DDA4-4569-8936-DAD6C1668475}.Debug|Any CPU.Build.0 = Debug|Any CPU
		{DB7515C1-DDA4-4569-8936-DAD6C1668475}.Release|Any CPU.ActiveCfg = Release|Any CPU
		{DB7515C1-DDA4-4569-8936-DAD6C1668475}.Release|Any CPU.Build.0 = Release|Any CPU
		{C4B16260-2918-4623-B660-DDB063096E19}.Debug|Any CPU.ActiveCfg = Debug|Any CPU
		{C4B16260-2918-4623-B660-DDB063096E19}.Debug|Any CPU.Build.0 = Debug|Any CPU
		{C4B16260-2918-4623-B660-DDB063096E19}.Release|Any CPU.ActiveCfg = Release|Any CPU
		{C4B16260-2918-4623-B660-DDB063096E19}.Release|Any CPU.Build.0 = Release|Any CPU
		{FA74A490-FA62-46AF-A1F9-EEABF82178F6}.Debug|Any CPU.ActiveCfg = Debug|Any CPU
		{FA74A490-FA62-46AF-A1F9-EEABF82178F6}.Debug|Any CPU.Build.0 = Debug|Any CPU
		{FA74A490-FA62-46AF-A1F9-EEABF82178F6}.Release|Any CPU.ActiveCfg = Release|Any CPU
		{FA74A490-FA62-46AF-A1F9-EEABF82178F6}.Release|Any CPU.Build.0 = Release|Any CPU
		{914F4794-EC84-494F-BF1C-67362A3C0039}.Debug|Any CPU.ActiveCfg = Debug|Any CPU
		{914F4794-EC84-494F-BF1C-67362A3C0039}.Debug|Any CPU.Build.0 = Debug|Any CPU
		{914F4794-EC84-494F-BF1C-67362A3C0039}.Release|Any CPU.ActiveCfg = Release|Any CPU
		{914F4794-EC84-494F-BF1C-67362A3C0039}.Release|Any CPU.Build.0 = Release|Any CPU
		{48FF825C-F0DC-4569-84AF-7736AD4ACE69}.Debug|Any CPU.ActiveCfg = Debug|Any CPU
		{48FF825C-F0DC-4569-84AF-7736AD4ACE69}.Debug|Any CPU.Build.0 = Debug|Any CPU
		{48FF825C-F0DC-4569-84AF-7736AD4ACE69}.Release|Any CPU.ActiveCfg = Release|Any CPU
		{48FF825C-F0DC-4569-84AF-7736AD4ACE69}.Release|Any CPU.Build.0 = Release|Any CPU
		{39F75781-DD69-44C1-A254-9E5881F239B3}.Debug|Any CPU.ActiveCfg = Debug|Any CPU
		{39F75781-DD69-44C1-A254-9E5881F239B3}.Debug|Any CPU.Build.0 = Debug|Any CPU
		{39F75781-DD69-44C1-A254-9E5881F239B3}.Release|Any CPU.ActiveCfg = Release|Any CPU
		{39F75781-DD69-44C1-A254-9E5881F239B3}.Release|Any CPU.Build.0 = Release|Any CPU
		{757702A2-424C-479B-929E-7FFA70CABB3F}.Debug|Any CPU.ActiveCfg = Debug|Any CPU
		{757702A2-424C-479B-929E-7FFA70CABB3F}.Debug|Any CPU.Build.0 = Debug|Any CPU
		{757702A2-424C-479B-929E-7FFA70CABB3F}.Release|Any CPU.ActiveCfg = Release|Any CPU
		{757702A2-424C-479B-929E-7FFA70CABB3F}.Release|Any CPU.Build.0 = Release|Any CPU
		{8397AAFB-65FD-459B-90B2-2A8B6E3A64C3}.Debug|Any CPU.ActiveCfg = Debug|Any CPU
		{8397AAFB-65FD-459B-90B2-2A8B6E3A64C3}.Debug|Any CPU.Build.0 = Debug|Any CPU
		{8397AAFB-65FD-459B-90B2-2A8B6E3A64C3}.Release|Any CPU.ActiveCfg = Release|Any CPU
		{8397AAFB-65FD-459B-90B2-2A8B6E3A64C3}.Release|Any CPU.Build.0 = Release|Any CPU
		{87BACEA6-77F5-40DD-BC05-4476CFD2A35F}.Debug|Any CPU.ActiveCfg = Debug|Any CPU
		{87BACEA6-77F5-40DD-BC05-4476CFD2A35F}.Debug|Any CPU.Build.0 = Debug|Any CPU
		{87BACEA6-77F5-40DD-BC05-4476CFD2A35F}.Release|Any CPU.ActiveCfg = Release|Any CPU
		{87BACEA6-77F5-40DD-BC05-4476CFD2A35F}.Release|Any CPU.Build.0 = Release|Any CPU
		{171F380B-610E-49E6-B529-7E03EC7A2FB2}.Debug|Any CPU.ActiveCfg = Debug|Any CPU
		{171F380B-610E-49E6-B529-7E03EC7A2FB2}.Debug|Any CPU.Build.0 = Debug|Any CPU
		{171F380B-610E-49E6-B529-7E03EC7A2FB2}.Release|Any CPU.ActiveCfg = Release|Any CPU
		{171F380B-610E-49E6-B529-7E03EC7A2FB2}.Release|Any CPU.Build.0 = Release|Any CPU
		{7DD83481-592C-4822-9B89-72EED8D71773}.Debug|Any CPU.ActiveCfg = Debug|Any CPU
		{7DD83481-592C-4822-9B89-72EED8D71773}.Debug|Any CPU.Build.0 = Debug|Any CPU
		{7DD83481-592C-4822-9B89-72EED8D71773}.Release|Any CPU.ActiveCfg = Release|Any CPU
		{7DD83481-592C-4822-9B89-72EED8D71773}.Release|Any CPU.Build.0 = Release|Any CPU
		{7A171F8F-812A-4E1F-915E-D1990DCC145C}.Debug|Any CPU.ActiveCfg = Debug|Any CPU
		{7A171F8F-812A-4E1F-915E-D1990DCC145C}.Debug|Any CPU.Build.0 = Debug|Any CPU
		{7A171F8F-812A-4E1F-915E-D1990DCC145C}.Release|Any CPU.ActiveCfg = Release|Any CPU
		{7A171F8F-812A-4E1F-915E-D1990DCC145C}.Release|Any CPU.Build.0 = Release|Any CPU
		{667930BE-F814-4CF2-A1F8-F8AB3AB2F106}.Debug|Any CPU.ActiveCfg = Debug|Any CPU
		{667930BE-F814-4CF2-A1F8-F8AB3AB2F106}.Debug|Any CPU.Build.0 = Debug|Any CPU
		{667930BE-F814-4CF2-A1F8-F8AB3AB2F106}.Release|Any CPU.ActiveCfg = Release|Any CPU
		{667930BE-F814-4CF2-A1F8-F8AB3AB2F106}.Release|Any CPU.Build.0 = Release|Any CPU
		{564BCFEF-20C9-493D-A840-F79D2A83EEF9}.Debug|Any CPU.ActiveCfg = Debug|Any CPU
		{564BCFEF-20C9-493D-A840-F79D2A83EEF9}.Debug|Any CPU.Build.0 = Debug|Any CPU
		{564BCFEF-20C9-493D-A840-F79D2A83EEF9}.Release|Any CPU.ActiveCfg = Release|Any CPU
		{564BCFEF-20C9-493D-A840-F79D2A83EEF9}.Release|Any CPU.Build.0 = Release|Any CPU
		{53FF7988-9139-4050-80D2-5E1A1432D4E6}.Debug|Any CPU.ActiveCfg = Debug|Any CPU
		{53FF7988-9139-4050-80D2-5E1A1432D4E6}.Debug|Any CPU.Build.0 = Debug|Any CPU
		{53FF7988-9139-4050-80D2-5E1A1432D4E6}.Release|Any CPU.ActiveCfg = Release|Any CPU
		{53FF7988-9139-4050-80D2-5E1A1432D4E6}.Release|Any CPU.Build.0 = Release|Any CPU
		{6B4D7A66-3A5C-46FC-904A-2A7B1FE79F61}.Debug|Any CPU.ActiveCfg = Debug|Any CPU
		{6B4D7A66-3A5C-46FC-904A-2A7B1FE79F61}.Debug|Any CPU.Build.0 = Debug|Any CPU
		{6B4D7A66-3A5C-46FC-904A-2A7B1FE79F61}.Release|Any CPU.ActiveCfg = Release|Any CPU
		{6B4D7A66-3A5C-46FC-904A-2A7B1FE79F61}.Release|Any CPU.Build.0 = Release|Any CPU
		{B25D951A-CB89-4E7E-A801-60F6B8433400}.Debug|Any CPU.ActiveCfg = Debug|Any CPU
		{B25D951A-CB89-4E7E-A801-60F6B8433400}.Debug|Any CPU.Build.0 = Debug|Any CPU
		{B25D951A-CB89-4E7E-A801-60F6B8433400}.Release|Any CPU.ActiveCfg = Release|Any CPU
		{B25D951A-CB89-4E7E-A801-60F6B8433400}.Release|Any CPU.Build.0 = Release|Any CPU
		{FC212095-3009-41B6-878E-F443B2346D57}.Debug|Any CPU.ActiveCfg = Debug|Any CPU
		{FC212095-3009-41B6-878E-F443B2346D57}.Debug|Any CPU.Build.0 = Debug|Any CPU
		{FC212095-3009-41B6-878E-F443B2346D57}.Release|Any CPU.ActiveCfg = Release|Any CPU
		{FC212095-3009-41B6-878E-F443B2346D57}.Release|Any CPU.Build.0 = Release|Any CPU
		{F0E8E610-4D58-4E46-89BC-2415D219C5E1}.Debug|Any CPU.ActiveCfg = Debug|Any CPU
		{F0E8E610-4D58-4E46-89BC-2415D219C5E1}.Debug|Any CPU.Build.0 = Debug|Any CPU
		{F0E8E610-4D58-4E46-89BC-2415D219C5E1}.Release|Any CPU.ActiveCfg = Release|Any CPU
		{F0E8E610-4D58-4E46-89BC-2415D219C5E1}.Release|Any CPU.Build.0 = Release|Any CPU
		{F4A0C527-A92A-4646-A251-9DCE925CEA36}.Debug|Any CPU.ActiveCfg = Debug|Any CPU
		{F4A0C527-A92A-4646-A251-9DCE925CEA36}.Debug|Any CPU.Build.0 = Debug|Any CPU
		{F4A0C527-A92A-4646-A251-9DCE925CEA36}.Release|Any CPU.ActiveCfg = Release|Any CPU
		{F4A0C527-A92A-4646-A251-9DCE925CEA36}.Release|Any CPU.Build.0 = Release|Any CPU
		{A96D4EA5-7884-4A47-AEDE-C5349CF9A3FF}.Debug|Any CPU.ActiveCfg = Debug|Any CPU
		{A96D4EA5-7884-4A47-AEDE-C5349CF9A3FF}.Debug|Any CPU.Build.0 = Debug|Any CPU
		{A96D4EA5-7884-4A47-AEDE-C5349CF9A3FF}.Release|Any CPU.ActiveCfg = Release|Any CPU
		{A96D4EA5-7884-4A47-AEDE-C5349CF9A3FF}.Release|Any CPU.Build.0 = Release|Any CPU
		{DD605185-A15B-479F-9990-00547F3DC4C9}.Debug|Any CPU.ActiveCfg = Debug|Any CPU
		{DD605185-A15B-479F-9990-00547F3DC4C9}.Debug|Any CPU.Build.0 = Debug|Any CPU
		{DD605185-A15B-479F-9990-00547F3DC4C9}.Release|Any CPU.ActiveCfg = Release|Any CPU
		{DD605185-A15B-479F-9990-00547F3DC4C9}.Release|Any CPU.Build.0 = Release|Any CPU
		{16C76BC3-FF61-437D-9748-5109BF447761}.Debug|Any CPU.ActiveCfg = Debug|Any CPU
		{16C76BC3-FF61-437D-9748-5109BF447761}.Debug|Any CPU.Build.0 = Debug|Any CPU
		{16C76BC3-FF61-437D-9748-5109BF447761}.Release|Any CPU.ActiveCfg = Release|Any CPU
		{16C76BC3-FF61-437D-9748-5109BF447761}.Release|Any CPU.Build.0 = Release|Any CPU
		{D8E91620-9B39-405A-BD71-E05B85026B09}.Debug|Any CPU.ActiveCfg = Debug|Any CPU
		{D8E91620-9B39-405A-BD71-E05B85026B09}.Debug|Any CPU.Build.0 = Debug|Any CPU
		{D8E91620-9B39-405A-BD71-E05B85026B09}.Release|Any CPU.ActiveCfg = Release|Any CPU
		{D8E91620-9B39-405A-BD71-E05B85026B09}.Release|Any CPU.Build.0 = Release|Any CPU
		{409C03EF-B8F5-2CD6-EF04-BABB44E5906E}.Debug|Any CPU.ActiveCfg = Debug|Any CPU
		{409C03EF-B8F5-2CD6-EF04-BABB44E5906E}.Debug|Any CPU.Build.0 = Debug|Any CPU
		{409C03EF-B8F5-2CD6-EF04-BABB44E5906E}.Release|Any CPU.ActiveCfg = Release|Any CPU
		{409C03EF-B8F5-2CD6-EF04-BABB44E5906E}.Release|Any CPU.Build.0 = Release|Any CPU
		{3AA8B7D5-185D-4258-4631-002121FE39B8}.Debug|Any CPU.ActiveCfg = Debug|Any CPU
		{3AA8B7D5-185D-4258-4631-002121FE39B8}.Debug|Any CPU.Build.0 = Debug|Any CPU
		{3AA8B7D5-185D-4258-4631-002121FE39B8}.Release|Any CPU.ActiveCfg = Release|Any CPU
		{3AA8B7D5-185D-4258-4631-002121FE39B8}.Release|Any CPU.Build.0 = Release|Any CPU
		{35A7B202-C4FF-BFFC-E03D-8F6FE89DA34C}.Debug|Any CPU.ActiveCfg = Debug|Any CPU
		{35A7B202-C4FF-BFFC-E03D-8F6FE89DA34C}.Debug|Any CPU.Build.0 = Debug|Any CPU
		{35A7B202-C4FF-BFFC-E03D-8F6FE89DA34C}.Release|Any CPU.ActiveCfg = Release|Any CPU
		{35A7B202-C4FF-BFFC-E03D-8F6FE89DA34C}.Release|Any CPU.Build.0 = Release|Any CPU
		{EA0554A5-D8D0-E03A-9C74-9C9D56EFDB71}.Debug|Any CPU.ActiveCfg = Debug|Any CPU
		{EA0554A5-D8D0-E03A-9C74-9C9D56EFDB71}.Debug|Any CPU.Build.0 = Debug|Any CPU
		{EA0554A5-D8D0-E03A-9C74-9C9D56EFDB71}.Release|Any CPU.ActiveCfg = Release|Any CPU
		{EA0554A5-D8D0-E03A-9C74-9C9D56EFDB71}.Release|Any CPU.Build.0 = Release|Any CPU
		{26386135-FB06-7238-E7EB-30EFAB3B36B4}.Debug|Any CPU.ActiveCfg = Debug|Any CPU
		{26386135-FB06-7238-E7EB-30EFAB3B36B4}.Debug|Any CPU.Build.0 = Debug|Any CPU
		{26386135-FB06-7238-E7EB-30EFAB3B36B4}.Release|Any CPU.ActiveCfg = Release|Any CPU
		{26386135-FB06-7238-E7EB-30EFAB3B36B4}.Release|Any CPU.Build.0 = Release|Any CPU
		{E41B1870-E651-EA98-5D83-BC79279D8949}.Debug|Any CPU.ActiveCfg = Debug|Any CPU
		{E41B1870-E651-EA98-5D83-BC79279D8949}.Debug|Any CPU.Build.0 = Debug|Any CPU
		{E41B1870-E651-EA98-5D83-BC79279D8949}.Release|Any CPU.ActiveCfg = Release|Any CPU
		{E41B1870-E651-EA98-5D83-BC79279D8949}.Release|Any CPU.Build.0 = Release|Any CPU
	EndGlobalSection
	GlobalSection(SolutionProperties) = preSolution
		HideSolutionNode = FALSE
	EndGlobalSection
	GlobalSection(NestedProjects) = preSolution
		{481F8261-1404-4AA3-9A9B-3D63C468D5A2} = {7D630968-6C94-4B15-9D0E-4D71ED6D01E0}
		{93D2D5CF-8EEC-40CA-B398-0F0F984235F1} = {B079BB77-40DD-4024-9A9C-14C824DDE273}
		{492B58A6-AA15-446B-A3A4-F6F76AC73DE8} = {7D630968-6C94-4B15-9D0E-4D71ED6D01E0}
		{4C932A0A-166B-43A3-B2B7-E6FDE9DC16D9} = {7D630968-6C94-4B15-9D0E-4D71ED6D01E0}
		{3D33A33A-AECA-496C-8D41-D07D9A1F2826} = {B079BB77-40DD-4024-9A9C-14C824DDE273}
		{1E452D19-CFC7-4313-9F14-42A20581AC8B} = {5DA1B98A-BDA0-4987-8301-C1D68EACE9C7}
		{86D7A1EC-8B2B-48C0-ADE3-1C4D1BD17BCD} = {5DA1B98A-BDA0-4987-8301-C1D68EACE9C7}
		{4BAC2C0B-8C08-4FE6-A9E4-579843D21B44} = {F31CAB49-534E-4B14-AE02-8F99D01B6DB5}
		{69EB183B-C616-446A-A036-C5D4C152A87D} = {F31CAB49-534E-4B14-AE02-8F99D01B6DB5}
		{3ED844FE-5BFA-455B-BDC5-C4B84D955F62} = {5DA1B98A-BDA0-4987-8301-C1D68EACE9C7}
		{C42B861E-2965-4309-B075-3072203E50A8} = {5DA1B98A-BDA0-4987-8301-C1D68EACE9C7}
		{1475FFF0-1E4D-4104-B062-03B0BFDAA800} = {7D630968-6C94-4B15-9D0E-4D71ED6D01E0}
		{83BE6643-97F2-4943-B3CE-1DDBE51DF490} = {F31CAB49-534E-4B14-AE02-8F99D01B6DB5}
		{077232AA-0FD2-4989-BAF3-A749F300BDA8} = {49FC6A5D-62E5-4D4B-8F2E-71284D4DDB09}
		{6A1FC7F3-DA01-43CA-A6AA-31D5F1A2EC3C} = {F31CAB49-534E-4B14-AE02-8F99D01B6DB5}
		{D6FA13A2-B8D8-46B7-B229-ED6B819D5273} = {B079BB77-40DD-4024-9A9C-14C824DDE273}
		{9943E423-A678-4734-83DA-E373E6A028FE} = {5DA1B98A-BDA0-4987-8301-C1D68EACE9C7}
		{999CB784-7D68-4E10-A9E0-13D9A3968B8B} = {5DA1B98A-BDA0-4987-8301-C1D68EACE9C7}
		{DB7515C1-DDA4-4569-8936-DAD6C1668475} = {F31CAB49-534E-4B14-AE02-8F99D01B6DB5}
		{C4B16260-2918-4623-B660-DDB063096E19} = {5DA1B98A-BDA0-4987-8301-C1D68EACE9C7}
		{FA74A490-FA62-46AF-A1F9-EEABF82178F6} = {F31CAB49-534E-4B14-AE02-8F99D01B6DB5}
		{914F4794-EC84-494F-BF1C-67362A3C0039} = {BCEB78F0-AB81-4B02-89AE-2A48D36B28B4}
		{48FF825C-F0DC-4569-84AF-7736AD4ACE69} = {BCEB78F0-AB81-4B02-89AE-2A48D36B28B4}
		{39F75781-DD69-44C1-A254-9E5881F239B3} = {BCEB78F0-AB81-4B02-89AE-2A48D36B28B4}
		{757702A2-424C-479B-929E-7FFA70CABB3F} = {BCEB78F0-AB81-4B02-89AE-2A48D36B28B4}
		{8397AAFB-65FD-459B-90B2-2A8B6E3A64C3} = {F31CAB49-534E-4B14-AE02-8F99D01B6DB5}
		{87BACEA6-77F5-40DD-BC05-4476CFD2A35F} = {F31CAB49-534E-4B14-AE02-8F99D01B6DB5}
		{171F380B-610E-49E6-B529-7E03EC7A2FB2} = {F31CAB49-534E-4B14-AE02-8F99D01B6DB5}
		{7DD83481-592C-4822-9B89-72EED8D71773} = {F31CAB49-534E-4B14-AE02-8F99D01B6DB5}
		{7A171F8F-812A-4E1F-915E-D1990DCC145C} = {5DA1B98A-BDA0-4987-8301-C1D68EACE9C7}
		{667930BE-F814-4CF2-A1F8-F8AB3AB2F106} = {B079BB77-40DD-4024-9A9C-14C824DDE273}
		{564BCFEF-20C9-493D-A840-F79D2A83EEF9} = {5DA1B98A-BDA0-4987-8301-C1D68EACE9C7}
		{53FF7988-9139-4050-80D2-5E1A1432D4E6} = {5DA1B98A-BDA0-4987-8301-C1D68EACE9C7}
		{6B4D7A66-3A5C-46FC-904A-2A7B1FE79F61} = {BCEB78F0-AB81-4B02-89AE-2A48D36B28B4}
		{B25D951A-CB89-4E7E-A801-60F6B8433400} = {BCEB78F0-AB81-4B02-89AE-2A48D36B28B4}
		{FC212095-3009-41B6-878E-F443B2346D57} = {69B8AC8B-DE36-4463-8D20-3E280305EA6E}
		{F0E8E610-4D58-4E46-89BC-2415D219C5E1} = {B079BB77-40DD-4024-9A9C-14C824DDE273}
		{F4A0C527-A92A-4646-A251-9DCE925CEA36} = {B079BB77-40DD-4024-9A9C-14C824DDE273}
		{A96D4EA5-7884-4A47-AEDE-C5349CF9A3FF} = {B079BB77-40DD-4024-9A9C-14C824DDE273}
		{DD605185-A15B-479F-9990-00547F3DC4C9} = {B079BB77-40DD-4024-9A9C-14C824DDE273}
		{16C76BC3-FF61-437D-9748-5109BF447761} = {B079BB77-40DD-4024-9A9C-14C824DDE273}
		{D8E91620-9B39-405A-BD71-E05B85026B09} = {B079BB77-40DD-4024-9A9C-14C824DDE273}
		{409C03EF-B8F5-2CD6-EF04-BABB44E5906E} = {5BDDD8D6-97AE-4ACF-88E2-9C3E714AB2E7}
		{3AA8B7D5-185D-4258-4631-002121FE39B8} = {5BDDD8D6-97AE-4ACF-88E2-9C3E714AB2E7}
		{35A7B202-C4FF-BFFC-E03D-8F6FE89DA34C} = {5BDDD8D6-97AE-4ACF-88E2-9C3E714AB2E7}
		{EA0554A5-D8D0-E03A-9C74-9C9D56EFDB71} = {5BDDD8D6-97AE-4ACF-88E2-9C3E714AB2E7}
		{26386135-FB06-7238-E7EB-30EFAB3B36B4} = {F31CAB49-534E-4B14-AE02-8F99D01B6DB5}
		{E41B1870-E651-EA98-5D83-BC79279D8949} = {F31CAB49-534E-4B14-AE02-8F99D01B6DB5}
	EndGlobalSection
	GlobalSection(ExtensibilityGlobals) = postSolution
		SolutionGuid = {E3837A3D-CB67-4767-B922-BCB491FA6C81}
	EndGlobalSection
EndGlobal
